
Microsoft Visual Studio Solution File, Format Version 12.00
# Visual Studio Version 17
VisualStudioVersion = 17.4.33403.182
MinimumVisualStudioVersion = 10.0.40219.1
Project("{FAE04EC0-301F-11D3-BF4B-00C04F79EFBC}") = "Kapljice", "Kapljice\Kapljice.csproj", "{5853D3AB-3535-4F3E-A617-2419A5B2B233}"
EndProject
Project("{FAE04EC0-301F-11D3-BF4B-00C04F79EFBC}") = "Nobel", "Nobel\Nobel.csproj", "{3DC68254-2755-40EB-81FE-E79A8045FC8C}"
EndProject
Project("{FAE04EC0-301F-11D3-BF4B-00C04F79EFBC}") = "Filmi", "filmi\Filmi.csproj", "{377DCC72-E3E7-4576-8CF3-87111DBDDA2F}"
EndProject
Global
	GlobalSection(SolutionConfigurationPlatforms) = preSolution
		Debug|Any CPU = Debug|Any CPU
		Release|Any CPU = Release|Any CPU
	EndGlobalSection
	GlobalSection(ProjectConfigurationPlatforms) = postSolution
		{5853D3AB-3535-4F3E-A617-2419A5B2B233}.Debug|Any CPU.ActiveCfg = Debug|Any CPU
		{5853D3AB-3535-4F3E-A617-2419A5B2B233}.Debug|Any CPU.Build.0 = Debug|Any CPU
		{5853D3AB-3535-4F3E-A617-2419A5B2B233}.Release|Any CPU.ActiveCfg = Release|Any CPU
		{5853D3AB-3535-4F3E-A617-2419A5B2B233}.Release|Any CPU.Build.0 = Release|Any CPU
		{3DC68254-2755-40EB-81FE-E79A8045FC8C}.Debug|Any CPU.ActiveCfg = Debug|Any CPU
		{3DC68254-2755-40EB-81FE-E79A8045FC8C}.Debug|Any CPU.Build.0 = Debug|Any CPU
		{3DC68254-2755-40EB-81FE-E79A8045FC8C}.Release|Any CPU.ActiveCfg = Release|Any CPU
		{3DC68254-2755-40EB-81FE-E79A8045FC8C}.Release|Any CPU.Build.0 = Release|Any CPU
		{377DCC72-E3E7-4576-8CF3-87111DBDDA2F}.Debug|Any CPU.ActiveCfg = Debug|Any CPU
		{377DCC72-E3E7-4576-8CF3-87111DBDDA2F}.Debug|Any CPU.Build.0 = Debug|Any CPU
		{377DCC72-E3E7-4576-8CF3-87111DBDDA2F}.Release|Any CPU.ActiveCfg = Release|Any CPU
		{377DCC72-E3E7-4576-8CF3-87111DBDDA2F}.Release|Any CPU.Build.0 = Release|Any CPU
	EndGlobalSection
	GlobalSection(SolutionProperties) = preSolution
		HideSolutionNode = FALSE
	EndGlobalSection
	GlobalSection(ExtensibilityGlobals) = postSolution
		SolutionGuid = {6B62DA3B-6AE6-4A15-8CC6-D3A99733A300}
	EndGlobalSection
EndGlobal
